
Microsoft Visual Studio Solution File, Format Version 12.00
# Visual Studio Version 16
VisualStudioVersion = 16.0.30309.148
MinimumVisualStudioVersion = 10.0.40219.1
Project("{FAE04EC0-301F-11D3-BF4B-00C04F79EFBC}") = "SFX4Less", "SFX4Less.csproj", "{DC5DF4FA-5C02-4EB2-B755-80E900015089}"
EndProject
Global
	GlobalSection(SolutionConfigurationPlatforms) = preSolution
		Debug|Any CPU = Debug|Any CPU
		Release|Any CPU = Release|Any CPU
	EndGlobalSection
	GlobalSection(ProjectConfigurationPlatforms) = postSolution
		{DC5DF4FA-5C02-4EB2-B755-80E900015089}.Debug|Any CPU.ActiveCfg = Debug|Any CPU
		{DC5DF4FA-5C02-4EB2-B755-80E900015089}.Debug|Any CPU.Build.0 = Debug|Any CPU
		{DC5DF4FA-5C02-4EB2-B755-80E900015089}.Release|Any CPU.ActiveCfg = Release|Any CPU
		{DC5DF4FA-5C02-4EB2-B755-80E900015089}.Release|Any CPU.Build.0 = Release|Any CPU
	EndGlobalSection
	GlobalSection(SolutionProperties) = preSolution
		HideSolutionNode = FALSE
	EndGlobalSection
	GlobalSection(ExtensibilityGlobals) = postSolution
		SolutionGuid = {D957F891-E78E-4F09-A6E9-A23B3384F2BB}
	EndGlobalSection
EndGlobal
